
Microsoft Visual Studio Solution File, Format Version 12.00
# Visual Studio Version 17
VisualStudioVersion = 17.11.35303.130
MinimumVisualStudioVersion = 10.0.40219.1
Project("{FAE04EC0-301F-11D3-BF4B-00C04F79EFBC}") = "RecipeLibrary", "RecipeLibrary\RecipeLibrary.csproj", "{0AE700FA-4012-49C9-9867-04F7B4DA5696}"
EndProject
Global
	GlobalSection(SolutionConfigurationPlatforms) = preSolution
		Debug|Any CPU = Debug|Any CPU
		Release|Any CPU = Release|Any CPU
	EndGlobalSection
	GlobalSection(ProjectConfigurationPlatforms) = postSolution
		{0AE700FA-4012-49C9-9867-04F7B4DA5696}.Debug|Any CPU.ActiveCfg = Debug|Any CPU
		{0AE700FA-4012-49C9-9867-04F7B4DA5696}.Debug|Any CPU.Build.0 = Debug|Any CPU
		{0AE700FA-4012-49C9-9867-04F7B4DA5696}.Release|Any CPU.ActiveCfg = Release|Any CPU
		{0AE700FA-4012-49C9-9867-04F7B4DA5696}.Release|Any CPU.Build.0 = Release|Any CPU
	EndGlobalSection
	GlobalSection(SolutionProperties) = preSolution
		HideSolutionNode = FALSE
	EndGlobalSection
	GlobalSection(ExtensibilityGlobals) = postSolution
		SolutionGuid = {502A91D6-BB86-4D74-B782-2036D03DC337}
	EndGlobalSection
EndGlobal
